
Microsoft Visual Studio Solution File, Format Version 12.00
# Visual Studio Version 16
VisualStudioVersion = 16.0.31702.278
MinimumVisualStudioVersion = 10.0.40219.1
Project("{FAE04EC0-301F-11D3-BF4B-00C04F79EFBC}") = "ShaderAutoCompiler", "ShaderAutoCompiler\ShaderAutoCompiler.csproj", "{0B768485-FD16-46EE-AF5D-2E810319A958}"
EndProject
Global
	GlobalSection(SolutionConfigurationPlatforms) = preSolution
		Debug|Any CPU = Debug|Any CPU
		Release|Any CPU = Release|Any CPU
	EndGlobalSection
	GlobalSection(ProjectConfigurationPlatforms) = postSolution
		{0B768485-FD16-46EE-AF5D-2E810319A958}.Debug|Any CPU.ActiveCfg = Debug|Any CPU
		{0B768485-FD16-46EE-AF5D-2E810319A958}.Debug|Any CPU.Build.0 = Debug|Any CPU
		{0B768485-FD16-46EE-AF5D-2E810319A958}.Release|Any CPU.ActiveCfg = Release|Any CPU
		{0B768485-FD16-46EE-AF5D-2E810319A958}.Release|Any CPU.Build.0 = Release|Any CPU
	EndGlobalSection
	GlobalSection(SolutionProperties) = preSolution
		HideSolutionNode = FALSE
	EndGlobalSection
	GlobalSection(ExtensibilityGlobals) = postSolution
		SolutionGuid = {AE990C83-458E-40FC-A3F4-CFCE1D704D5B}
	EndGlobalSection
EndGlobal
